// !$*UTF8*$!
{
	archiveVersion = 1;
	classes = {
	};
	objectVersion = 77;
	objects = {

/* Begin PBXContainerItemProxy section */
		7A25B33C2FCED7450079ECA3 /* PBXContainerItemProxy */ = {
			isa = PBXContainerItemProxy;
			containerPortal = 7A25B31D2FCED7410079ECA3 /* Project object */;
			proxyType = 1;
			remoteGlobalIDString = 7A25B3242FCED7410079ECA3;
			remoteInfo = "Ashur ERP";
		};
		7A25B3462FCED7450079ECA3 /* PBXContainerItemProxy */ = {
			isa = PBXContainerItemProxy;
			containerPortal = 7A25B31D2FCED7410079ECA3 /* Project object */;
			proxyType = 1;
			remoteGlobalIDString = 7A25B3242FCED7410079ECA3;
			remoteInfo = "Ashur ERP";
		};
/* End PBXContainerItemProxy section */

/* Begin PBXFileReference section */
		7A25B3252FCED7410079ECA3 /* Ashur ERP.app */ = {isa = PBXFileReference; explicitFileType = wrapper.application; includeInIndex = 0; path = "Ashur ERP.app"; sourceTree = BUILT_PRODUCTS_DIR; };
		7A25B33B2FCED7450079ECA3 /* Ashur ERPTests.xctest */ = {isa = PBXFileReference; explicitFileType = wrapper.cfbundle; includeInIndex = 0; path = "Ashur ERPTests.xctest"; sourceTree = BUILT_PRODUCTS_DIR; };
		7A25B3452FCED7450079ECA3 /* Ashur ERPUITests.xctest */ = {isa = PBXFileReference; explicitFileType = wrapper.cfbundle; includeInIndex = 0; path = "Ashur ERPUITests.xctest"; sourceTree = BUILT_PRODUCTS_DIR; };
/* End PBXFileReference section */

/* Begin PBXFileSystemSynchronizedBuildFileExceptionSet section */
		7A25B34D2FCED7450079ECA3 /* Exceptions for "Ashur ERP" folder in "Ashur ERP" target */ = {
			isa = PBXFileSystemSynchronizedBuildFileExceptionSet;
			membershipExceptions = (
				Info.plist,
			);
			target = 7A25B3242FCED7410079ECA3 /* Ashur ERP */;
		};
/* End PBXFileSystemSynchronizedBuildFileExceptionSet section */

/* Begin PBXFileSystemSynchronizedRootGroup section */
		7A25B3272FCED7410079ECA3 /* Ashur ERP */ = {
			isa = PBXFileSystemSynchronizedRootGroup;
			exceptions = (
				7A25B34D2FCED7450079ECA3 /* Exceptions for "Ashur ERP" folder in "Ashur ERP" target */,
			);
			path = "Ashur ERP";
			sourceTree = "<group>";
		};
		7A25B33E2FCED7450079ECA3 /* Ashur ERPTests */ = {
			isa = PBXFileSystemSynchronizedRootGroup;
			path = "Ashur ERPTests";
			sourceTree = "<group>";
		};
		7A25B3482FCED7450079ECA3 /* Ashur ERPUITests */ = {
			isa = PBXFileSystemSynchronizedRootGroup;
			path = "Ashur ERPUITests";
			sourceTree = "<group>";
		};
/* End PBXFileSystemSynchronizedRootGroup section */

/* Begin PBXFrameworksBuildPhase section */
		7A25B3222FCED7410079ECA3 /* Frameworks */ = {
			isa = PBXFrameworksBuildPhase;
			buildActionMask = 2147483647;
			files = (
			);
			runOnlyForDeploymentPostprocessing = 0;
		};
		7A25B3382FCED7450079ECA3 /* Frameworks */ = {
			isa = PBXFrameworksBuildPhase;
			buildActionMask = 2147483647;
			files = (
			);
			runOnlyForDeploymentPostprocessing = 0;
		};
		7A25B3422FCED7450079ECA3 /* Frameworks */ = {
			isa = PBXFrameworksBuildPhase;
			buildActionMask = 2147483647;
			files = (
			);
			runOnlyForDeploymentPostprocessing = 0;
		};
/* End PBXFrameworksBuildPhase section */

/* Begin PBXGroup section */
		7A25B31C2FCED7410079ECA3 = {
			isa = PBXGroup;
			children = (
				7A25B3272FCED7410079ECA3 /* Ashur ERP */,
				7A25B33E2FCED7450079ECA3 /* Ashur ERPTests */,
				7A25B3482FCED7450079ECA3 /* Ashur ERPUITests */,
				7A25B3262FCED7410079ECA3 /* Products */,
			);
			sourceTree = "<group>";
		};
		7A25B3262FCED7410079ECA3 /* Products */ = {
			isa = PBXGroup;
			children = (
				7A25B3252FCED7410079ECA3 /* Ashur ERP.app */,
				7A25B33B2FCED7450079ECA3 /* Ashur ERPTests.xctest */,
				7A25B3452FCED7450079ECA3 /* Ashur ERPUITests.xctest */,
			);
			name = Products;
			sourceTree = "<group>";
		};
/* End PBXGroup section */

/* Begin PBXNativeTarget section */
		7A25B3242FCED7410079ECA3 /* Ashur ERP */ = {
			isa = PBXNativeTarget;
			buildConfigurationList = 7A25B34E2FCED7450079ECA3 /* Build configuration list for PBXNativeTarget "Ashur ERP" */;
			buildPhases = (
				7A25B3212FCED7410079ECA3 /* Sources */,
				7A25B3222FCED7410079ECA3 /* Frameworks */,
				7A25B3232FCED7410079ECA3 /* Resources */,
			);
			buildRules = (
			);
			dependencies = (
			);
			fileSystemSynchronizedGroups = (
				7A25B3272FCED7410079ECA3 /* Ashur ERP */,
			);
			name = "Ashur ERP";
			packageProductDependencies = (
			);
			productName = "Ashur ERP";
			productReference = 7A25B3252FCED7410079ECA3 /* Ashur ERP.app */;
			productType = "com.apple.product-type.application";
		};
		7A25B33A2FCED7450079ECA3 /* Ashur ERPTests */ = {
			isa = PBXNativeTarget;
			buildConfigurationList = 7A25B3532FCED7450079ECA3 /* Build configuration list for PBXNativeTarget "Ashur ERPTests" */;
			buildPhases = (
				7A25B3372FCED7450079ECA3 /* Sources */,
				7A25B3382FCED7450079ECA3 /* Frameworks */,
				7A25B3392FCED7450079ECA3 /* Resources */,
			);
			buildRules = (
			);
			dependencies = (
				7A25B33D2FCED7450079ECA3 /* PBXTargetDependency */,
			);
			fileSystemSynchronizedGroups = (
				7A25B33E2FCED7450079ECA3 /* Ashur ERPTests */,
			);
			name = "Ashur ERPTests";
			packageProductDependencies = (
			);
			productName = "Ashur ERPTests";
			productReference = 7A25B33B2FCED7450079ECA3 /* Ashur ERPTests.xctest */;
			productType = "com.apple.product-type.bundle.unit-test";
		};
		7A25B3442FCED7450079ECA3 /* Ashur ERPUITests */ = {
			isa = PBXNativeTarget;
			buildConfigurationList = 7A25B3562FCED7450079ECA3 /* Build configuration list for PBXNativeTarget "Ashur ERPUITests" */;
			buildPhases = (
				7A25B3412FCED7450079ECA3 /* Sources */,
				7A25B3422FCED7450079ECA3 /* Frameworks */,
				7A25B3432FCED7450079ECA3 /* Resources */,
			);
			buildRules = (
			);
			dependencies = (
				7A25B3472FCED7450079ECA3 /* PBXTargetDependency */,
			);
			fileSystemSynchronizedGroups = (
				7A25B3482FCED7450079ECA3 /* Ashur ERPUITests */,
			);
			name = "Ashur ERPUITests";
			packageProductDependencies = (
			);
			productName = "Ashur ERPUITests";
			productReference = 7A25B3452FCED7450079ECA3 /* Ashur ERPUITests.xctest */;
			productType = "com.apple.product-type.bundle.ui-testing";
		};
/* End PBXNativeTarget section */

/* Begin PBXProject section */
		7A25B31D2FCED7410079ECA3 /* Project object */ = {
			isa = PBXProject;
			attributes = {
				BuildIndependentTargetsInParallel = 1;
				LastSwiftUpdateCheck = 1640;
				LastUpgradeCheck = 1640;
				TargetAttributes = {
					7A25B3242FCED7410079ECA3 = {
						CreatedOnToolsVersion = 16.4;
					};
					7A25B33A2FCED7450079ECA3 = {
						CreatedOnToolsVersion = 16.4;
						TestTargetID = 7A25B3242FCED7410079ECA3;
					};
					7A25B3442FCED7450079ECA3 = {
						CreatedOnToolsVersion = 16.4;
						TestTargetID = 7A25B3242FCED7410079ECA3;
					};
				};
			};
			buildConfigurationList = 7A25B3202FCED7410079ECA3 /* Build configuration list for PBXProject "Ashur ERP" */;
			developmentRegion = en;
			hasScannedForEncodings = 0;
			knownRegions = (
				en,
				Base,
			);
			mainGroup = 7A25B31C2FCED7410079ECA3;
			minimizedProjectReferenceProxies = 1;
			preferredProjectObjectVersion = 77;
			productRefGroup = 7A25B3262FCED7410079ECA3 /* Products */;
			projectDirPath = "";
			projectRoot = "";
			targets = (
				7A25B3242FCED7410079ECA3 /* Ashur ERP */,
				7A25B33A2FCED7450079ECA3 /* Ashur ERPTests */,
				7A25B3442FCED7450079ECA3 /* Ashur ERPUITests */,
			);
		};
/* End PBXProject section */

/* Begin PBXResourcesBuildPhase section */
		7A25B3232FCED7410079ECA3 /* Resources */ = {
			isa = PBXResourcesBuildPhase;
			buildActionMask = 2147483647;
			files = (
			);
			runOnlyForDeploymentPostprocessing = 0;
		};
		7A25B3392FCED7450079ECA3 /* Resources */ = {
			isa = PBXResourcesBuildPhase;
			buildActionMask = 2147483647;
			files = (
			);
			runOnlyForDeploymentPostprocessing = 0;
		};
		7A25B3432FCED7450079ECA3 /* Resources */ = {
			isa = PBXResourcesBuildPhase;
			buildActionMask = 2147483647;
			files = (
			);
			runOnlyForDeploymentPostprocessing = 0;
		};
/* End PBXResourcesBuildPhase section */

/* Begin PBXSourcesBuildPhase section */
		7A25B3212FCED7410079ECA3 /* Sources */ = {
			isa = PBXSourcesBuildPhase;
			buildActionMask = 2147483647;
			files = (
			);
			runOnlyForDeploymentPostprocessing = 0;
		};
		7A25B3372FCED7450079ECA3 /* Sources */ = {
			isa = PBXSourcesBuildPhase;
			buildActionMask = 2147483647;
			files = (
			);
			runOnlyForDeploymentPostprocessing = 0;
		};
		7A25B3412FCED7450079ECA3 /* Sources */ = {
			isa = PBXSourcesBuildPhase;
			buildActionMask = 2147483647;
			files = (
			);
			runOnlyForDeploymentPostprocessing = 0;
		};
/* End PBXSourcesBuildPhase section */

/* Begin PBXTargetDependency section */
		7A25B33D2FCED7450079ECA3 /* PBXTargetDependency */ = {
			isa = PBXTargetDependency;
			target = 7A25B3242FCED7410079ECA3 /* Ashur ERP */;
			targetProxy = 7A25B33C2FCED7450079ECA3 /* PBXContainerItemProxy */;
		};
		7A25B3472FCED7450079ECA3 /* PBXTargetDependency */ = {
			isa = PBXTargetDependency;
			target = 7A25B3242FCED7410079ECA3 /* Ashur ERP */;
			targetProxy = 7A25B3462FCED7450079ECA3 /* PBXContainerItemProxy */;
		};
/* End PBXTargetDependency section */

/* Begin XCBuildConfiguration section */
		7A25B34F2FCED7450079ECA3 /* Debug */ = {
			isa = XCBuildConfiguration;
			buildSettings = {
				ASSETCATALOG_COMPILER_APPICON_NAME = AppIcon;
				ASSETCATALOG_COMPILER_GLOBAL_ACCENT_COLOR_NAME = AccentColor;
				CODE_SIGN_STYLE = Automatic;
				CURRENT_PROJECT_VERSION = 1;
				DEVELOPMENT_TEAM = YJ5U35S548;
				GENERATE_INFOPLIST_FILE = YES;
				INFOPLIST_FILE = "Ashur ERP/Info.plist";
				INFOPLIST_KEY_NSCameraUsageDescription = "Ashur ERP Sistemine fotoğraf çekip yükleyebilmeniz için kamera erişim izni gerekmektedir.";
				INFOPLIST_KEY_NSMicrophoneUsageDescription = "Sisteme video kaydedip yükleyebilmeniz için mikrofonunuze erişim izni gerekmektedir.";
				INFOPLIST_KEY_NSPhotoLibraryUsageDescription = "Ashur ERP Sistemine galerinizden fotoğraf/dosya seçip yükleyebilmeniz için fotoğraf galerinize erişim izni gerekmektedir.";
				INFOPLIST_KEY_UIApplicationSupportsIndirectInputEvents = YES;
				INFOPLIST_KEY_UILaunchStoryboardName = LaunchScreen;
				INFOPLIST_KEY_UIMainStoryboardFile = Main;
				INFOPLIST_KEY_UISupportedInterfaceOrientations_iPad = "UIInterfaceOrientationPortrait UIInterfaceOrientationPortraitUpsideDown UIInterfaceOrientationLandscapeLeft UIInterfaceOrientationLandscapeRight";
				INFOPLIST_KEY_UISupportedInterfaceOrientations_iPhone = "UIInterfaceOrientationPortrait UIInterfaceOrientationLandscapeLeft UIInterfaceOrientationLandscapeRight";
				LD_RUNPATH_SEARCH_PATHS = (
					"$(inherited)",
					"@executable_path/Frameworks",
				);
				MARKETING_VERSION = 1.0;
				PRODUCT_BUNDLE_IDENTIFIER = "com.divpi.Ashur-ERP";
				PRODUCT_NAME = "$(TARGET_NAME)";
				SUPPORTED_PLATFORMS = "iphoneos iphonesimulator";
				SUPPORTS_MACCATALYST = NO;
				SUPPORTS_MAC_DESIGNED_FOR_IPHONE_IPAD = NO;
				SUPPORTS_XR_DESIGNED_FOR_IPHONE_IPAD = NO;
				SWIFT_EMIT_LOC_STRINGS = YES;
				SWIFT_VERSION = 5.0;
				TARGETED_DEVICE_FAMILY = "1,2";
			};
			name = Debug;
		};
		7A25B3502FCED7450079ECA3 /* Release */ = {
			isa = XCBuildConfiguration;
			buildSettings = {
				ASSETCATALOG_COMPILER_APPICON_NAME = AppIcon;
				ASSETCATALOG_COMPILER_GLOBAL_ACCENT_COLOR_NAME = AccentColor;
				CODE_SIGN_STYLE = Automatic;
				CURRENT_PROJECT_VERSION = 1;
				DEVELOPMENT_TEAM = YJ5U35S548;
				GENERATE_INFOPLIST_FILE = YES;
				INFOPLIST_FILE = "Ashur ERP/Info.plist";
				INFOPLIST_KEY_NSCameraUsageDescription = "Ashur ERP Sistemine fotoğraf çekip yükleyebilmeniz için kamera erişim izni gerekmektedir.";
				INFOPLIST_KEY_NSMicrophoneUsageDescription = "Sisteme video kaydedip yükleyebilmeniz için mikrofonunuze erişim izni gerekmektedir.";
				INFOPLIST_KEY_NSPhotoLibraryUsageDescription = "Ashur ERP Sistemine galerinizden fotoğraf/dosya seçip yükleyebilmeniz için fotoğraf galerinize erişim izni gerekmektedir.";
				INFOPLIST_KEY_UIApplicationSupportsIndirectInputEvents = YES;
				INFOPLIST_KEY_UILaunchStoryboardName = LaunchScreen;
				INFOPLIST_KEY_UIMainStoryboardFile = Main;
				INFOPLIST_KEY_UISupportedInterfaceOrientations_iPad = "UIInterfaceOrientationPortrait UIInterfaceOrientationPortraitUpsideDown UIInterfaceOrientationLandscapeLeft UIInterfaceOrientationLandscapeRight";
				INFOPLIST_KEY_UISupportedInterfaceOrientations_iPhone = "UIInterfaceOrientationPortrait UIInterfaceOrientationLandscapeLeft UIInterfaceOrientationLandscapeRight";
				LD_RUNPATH_SEARCH_PATHS = (
					"$(inherited)",
					"@executable_path/Frameworks",
				);
				MARKETING_VERSION = 1.0;
				PRODUCT_BUNDLE_IDENTIFIER = "com.divpi.Ashur-ERP";
				PRODUCT_NAME = "$(TARGET_NAME)";
				SUPPORTED_PLATFORMS = "iphoneos iphonesimulator";
				SUPPORTS_MACCATALYST = NO;
				SUPPORTS_MAC_DESIGNED_FOR_IPHONE_IPAD = NO;
				SUPPORTS_XR_DESIGNED_FOR_IPHONE_IPAD = NO;
				SWIFT_EMIT_LOC_STRINGS = YES;
				SWIFT_VERSION = 5.0;
				TARGETED_DEVICE_FAMILY = "1,2";
			};
			name = Release;
		};
		7A25B3512FCED7450079ECA3 /* Debug */ = {
			isa = XCBuildConfiguration;
			buildSettings = {
				ALWAYS_SEARCH_USER_PATHS = NO;
				ASSETCATALOG_COMPILER_GENERATE_SWIFT_ASSET_SYMBOL_EXTENSIONS = YES;
				CLANG_ANALYZER_NONNULL = YES;
				CLANG_ANALYZER_NUMBER_OBJECT_CONVERSION = YES_AGGRESSIVE;
				CLANG_CXX_LANGUAGE_STANDARD = "gnu++20";
				CLANG_ENABLE_MODULES = YES;
				CLANG_ENABLE_OBJC_ARC = YES;
				CLANG_ENABLE_OBJC_WEAK = YES;
				CLANG_WARN_BLOCK_CAPTURE_AUTORELEASING = YES;
				CLANG_WARN_BOOL_CONVERSION = YES;
				CLANG_WARN_COMMA = YES;
				CLANG_WARN_CONSTANT_CONVERSION = YES;
				CLANG_WARN_DEPRECATED_OBJC_IMPLEMENTATIONS = YES;
				CLANG_WARN_DIRECT_OBJC_ISA_USAGE = YES_ERROR;
				CLANG_WARN_DOCUMENTATION_COMMENTS = YES;
				CLANG_WARN_EMPTY_BODY = YES;
				CLANG_WARN_ENUM_CONVERSION = YES;
				CLANG_WARN_INFINITE_RECURSION = YES;
				CLANG_WARN_INT_CONVERSION = YES;
				CLANG_WARN_NON_LITERAL_NULL_CONVERSION = YES;
				CLANG_WARN_OBJC_IMPLICIT_RETAIN_SELF = YES;
				CLANG_WARN_OBJC_LITERAL_CONVERSION = YES;
				CLANG_WARN_OBJC_ROOT_CLASS = YES_ERROR;
				CLANG_WARN_QUOTED_INCLUDE_IN_FRAMEWORK_HEADER = YES;
				CLANG_WARN_RANGE_LOOP_ANALYSIS = YES;
				CLANG_WARN_STRICT_PROTOTYPES = YES;
				CLANG_WARN_SUSPICIOUS_MOVE = YES;
				CLANG_WARN_UNGUARDED_AVAILABILITY = YES_AGGRESSIVE;
				CLANG_WARN_UNREACHABLE_CODE = YES;
				CLANG_WARN__DUPLICATE_METHOD_MATCH = YES;
				COPY_PHASE_STRIP = NO;
				DEBUG_INFORMATION_FORMAT = dwarf;
				DEVELOPMENT_TEAM = YJ5U35S548;
				ENABLE_STRICT_OBJC_MSGSEND = YES;
				ENABLE_TESTABILITY = YES;
				ENABLE_USER_SCRIPT_SANDBOXING = YES;
				GCC_C_LANGUAGE_STANDARD = gnu17;
				GCC_DYNAMIC_NO_PIC = NO;
				GCC_NO_COMMON_BLOCKS = YES;
				GCC_OPTIMIZATION_LEVEL = 0;
				GCC_PREPROCESSOR_DEFINITIONS = (
					"DEBUG=1",
					"$(inherited)",
				);
				GCC_WARN_64_TO_32_BIT_CONVERSION = YES;
				GCC_WARN_ABOUT_RETURN_TYPE = YES_ERROR;
				GCC_WARN_UNDECLARED_SELECTOR = YES;
				GCC_WARN_UNINITIALIZED_AUTOS = YES_AGGRESSIVE;
				GCC_WARN_UNUSED_FUNCTION = YES;
				GCC_WARN_UNUSED_VARIABLE = YES;
				IPHONEOS_DEPLOYMENT_TARGET = 18.5;
				LOCALIZATION_PREFERS_STRING_CATALOGS = YES;
				MTL_ENABLE_DEBUG_INFO = INCLUDE_SOURCE;
				MTL_FAST_MATH = YES;
				ONLY_ACTIVE_ARCH = YES;
				SDKROOT = iphoneos;
				SWIFT_ACTIVE_COMPILATION_CONDITIONS = "DEBUG $(inherited)";
				SWIFT_OPTIMIZATION_LEVEL = "-Onone";
			};
			name = Debug;
		};
		7A25B3522FCED7450079ECA3 /* Release */ = {
			isa = XCBuildConfiguration;
			buildSettings = {
				ALWAYS_SEARCH_USER_PATHS = NO;
				ASSETCATALOG_COMPILER_GENERATE_SWIFT_ASSET_SYMBOL_EXTENSIONS = YES;
				CLANG_ANALYZER_NONNULL = YES;
				CLANG_ANALYZER_NUMBER_OBJECT_CONVERSION = YES_AGGRESSIVE;
				CLANG_CXX_LANGUAGE_STANDARD = "gnu++20";
				CLANG_ENABLE_MODULES = YES;
				CLANG_ENABLE_OBJC_ARC = YES;
				CLANG_ENABLE_OBJC_WEAK = YES;
				CLANG_WARN_BLOCK_CAPTURE_AUTORELEASING = YES;
				CLANG_WARN_BOOL_CONVERSION = YES;
				CLANG_WARN_COMMA = YES;
				CLANG_WARN_CONSTANT_CONVERSION = YES;
				CLANG_WARN_DEPRECATED_OBJC_IMPLEMENTATIONS = YES;
				CLANG_WARN_DIRECT_OBJC_ISA_USAGE = YES_ERROR;
				CLANG_WARN_DOCUMENTATION_COMMENTS = YES;
				CLANG_WARN_EMPTY_BODY = YES;
				CLANG_WARN_ENUM_CONVERSION = YES;
				CLANG_WARN_INFINITE_RECURSION = YES;
				CLANG_WARN_INT_CONVERSION = YES;
				CLANG_WARN_NON_LITERAL_NULL_CONVERSION = YES;
				CLANG_WARN_OBJC_IMPLICIT_RETAIN_SELF = YES;
				CLANG_WARN_OBJC_LITERAL_CONVERSION = YES;
				CLANG_WARN_OBJC_ROOT_CLASS = YES_ERROR;
				CLANG_WARN_QUOTED_INCLUDE_IN_FRAMEWORK_HEADER = YES;
				CLANG_WARN_RANGE_LOOP_ANALYSIS = YES;
				CLANG_WARN_STRICT_PROTOTYPES = YES;
				CLANG_WARN_SUSPICIOUS_MOVE = YES;
				CLANG_WARN_UNGUARDED_AVAILABILITY = YES_AGGRESSIVE;
				CLANG_WARN_UNREACHABLE_CODE = YES;
				CLANG_WARN__DUPLICATE_METHOD_MATCH = YES;
				COPY_PHASE_STRIP = NO;
				DEBUG_INFORMATION_FORMAT = "dwarf-with-dsym";
				DEVELOPMENT_TEAM = YJ5U35S548;
				ENABLE_NS_ASSERTIONS = NO;
				ENABLE_STRICT_OBJC_MSGSEND = YES;
				ENABLE_USER_SCRIPT_SANDBOXING = YES;
				GCC_C_LANGUAGE_STANDARD = gnu17;
				GCC_NO_COMMON_BLOCKS = YES;
				GCC_WARN_64_TO_32_BIT_CONVERSION = YES;
				GCC_WARN_ABOUT_RETURN_TYPE = YES_ERROR;
				GCC_WARN_UNDECLARED_SELECTOR = YES;
				GCC_WARN_UNINITIALIZED_AUTOS = YES_AGGRESSIVE;
				GCC_WARN_UNUSED_FUNCTION = YES;
				GCC_WARN_UNUSED_VARIABLE = YES;
				IPHONEOS_DEPLOYMENT_TARGET = 18.5;
				LOCALIZATION_PREFERS_STRING_CATALOGS = YES;
				MTL_ENABLE_DEBUG_INFO = NO;
				MTL_FAST_MATH = YES;
				SDKROOT = iphoneos;
				SWIFT_COMPILATION_MODE = wholemodule;
				VALIDATE_PRODUCT = YES;
			};
			name = Release;
		};
		7A25B3542FCED7450079ECA3 /* Debug */ = {
			isa = XCBuildConfiguration;
			buildSettings = {
				BUNDLE_LOADER = "$(TEST_HOST)";
				CODE_SIGN_STYLE = Automatic;
				CURRENT_PROJECT_VERSION = 1;
				DEVELOPMENT_TEAM = YJ5U35S548;
				GENERATE_INFOPLIST_FILE = YES;
				IPHONEOS_DEPLOYMENT_TARGET = 18.5;
				MARKETING_VERSION = 1.0;
				PRODUCT_BUNDLE_IDENTIFIER = "com.divpi.Ashur-ERPTests";
				PRODUCT_NAME = "$(TARGET_NAME)";
				SWIFT_EMIT_LOC_STRINGS = NO;
				SWIFT_VERSION = 5.0;
				TARGETED_DEVICE_FAMILY = "1,2";
				TEST_HOST = "$(BUILT_PRODUCTS_DIR)/Ashur ERP.app/$(BUNDLE_EXECUTABLE_FOLDER_PATH)/Ashur ERP";
			};
			name = Debug;
		};
		7A25B3552FCED7450079ECA3 /* Release */ = {
			isa = XCBuildConfiguration;
			buildSettings = {
				BUNDLE_LOADER = "$(TEST_HOST)";
				CODE_SIGN_STYLE = Automatic;
				CURRENT_PROJECT_VERSION = 1;
				DEVELOPMENT_TEAM = YJ5U35S548;
				GENERATE_INFOPLIST_FILE = YES;
				IPHONEOS_DEPLOYMENT_TARGET = 18.5;
				MARKETING_VERSION = 1.0;
				PRODUCT_BUNDLE_IDENTIFIER = "com.divpi.Ashur-ERPTests";
				PRODUCT_NAME = "$(TARGET_NAME)";
				SWIFT_EMIT_LOC_STRINGS = NO;
				SWIFT_VERSION = 5.0;
				TARGETED_DEVICE_FAMILY = "1,2";
				TEST_HOST = "$(BUILT_PRODUCTS_DIR)/Ashur ERP.app/$(BUNDLE_EXECUTABLE_FOLDER_PATH)/Ashur ERP";
			};
			name = Release;
		};
		7A25B3572FCED7450079ECA3 /* Debug */ = {
			isa = XCBuildConfiguration;
			buildSettings = {
				CODE_SIGN_STYLE = Automatic;
				CURRENT_PROJECT_VERSION = 1;
				DEVELOPMENT_TEAM = YJ5U35S548;
				GENERATE_INFOPLIST_FILE = YES;
				MARKETING_VERSION = 1.0;
				PRODUCT_BUNDLE_IDENTIFIER = "com.divpi.Ashur-ERPUITests";
				PRODUCT_NAME = "$(TARGET_NAME)";
				SWIFT_EMIT_LOC_STRINGS = NO;
				SWIFT_VERSION = 5.0;
				TARGETED_DEVICE_FAMILY = "1,2";
				TEST_TARGET_NAME = "Ashur ERP";
			};
			name = Debug;
		};
		7A25B3582FCED7450079ECA3 /* Release */ = {
			isa = XCBuildConfiguration;
			buildSettings = {
				CODE_SIGN_STYLE = Automatic;
				CURRENT_PROJECT_VERSION = 1;
				DEVELOPMENT_TEAM = YJ5U35S548;
				GENERATE_INFOPLIST_FILE = YES;
				MARKETING_VERSION = 1.0;
				PRODUCT_BUNDLE_IDENTIFIER = "com.divpi.Ashur-ERPUITests";
				PRODUCT_NAME = "$(TARGET_NAME)";
				SWIFT_EMIT_LOC_STRINGS = NO;
				SWIFT_VERSION = 5.0;
				TARGETED_DEVICE_FAMILY = "1,2";
				TEST_TARGET_NAME = "Ashur ERP";
			};
			name = Release;
		};
/* End XCBuildConfiguration section */

/* Begin XCConfigurationList section */
		7A25B3202FCED7410079ECA3 /* Build configuration list for PBXProject "Ashur ERP" */ = {
			isa = XCConfigurationList;
			buildConfigurations = (
				7A25B3512FCED7450079ECA3 /* Debug */,
				7A25B3522FCED7450079ECA3 /* Release */,
			);
			defaultConfigurationIsVisible = 0;
			defaultConfigurationName = Release;
		};
		7A25B34E2FCED7450079ECA3 /* Build configuration list for PBXNativeTarget "Ashur ERP" */ = {
			isa = XCConfigurationList;
			buildConfigurations = (
				7A25B34F2FCED7450079ECA3 /* Debug */,
				7A25B3502FCED7450079ECA3 /* Release */,
			);
			defaultConfigurationIsVisible = 0;
			defaultConfigurationName = Release;
		};
		7A25B3532FCED7450079ECA3 /* Build configuration list for PBXNativeTarget "Ashur ERPTests" */ = {
			isa = XCConfigurationList;
			buildConfigurations = (
				7A25B3542FCED7450079ECA3 /* Debug */,
				7A25B3552FCED7450079ECA3 /* Release */,
			);
			defaultConfigurationIsVisible = 0;
			defaultConfigurationName = Release;
		};
		7A25B3562FCED7450079ECA3 /* Build configuration list for PBXNativeTarget "Ashur ERPUITests" */ = {
			isa = XCConfigurationList;
			buildConfigurations = (
				7A25B3572FCED7450079ECA3 /* Debug */,
				7A25B3582FCED7450079ECA3 /* Release */,
			);
			defaultConfigurationIsVisible = 0;
			defaultConfigurationName = Release;
		};
/* End XCConfigurationList section */
	};
	rootObject = 7A25B31D2FCED7410079ECA3 /* Project object */;
}
